
Microsoft Visual Studio Solution File, Format Version 12.00
# Visual Studio 15
VisualStudioVersion = 15.0.28307.136
MinimumVisualStudioVersion = 10.0.40219.1
Project("{FAE04EC0-301F-11D3-BF4B-00C04F79EFBC}") = "BookYourHoliday", "BookYourHoliday\BookYourHoliday.csproj", "{91F054F9-A602-48D4-86E4-32C2211A6483}"
EndProject
Project("{FAE04EC0-301F-11D3-BF4B-00C04F79EFBC}") = "BookYourHoliday.Tests", "BookYourHoliday.Tests\BookYourHoliday.Tests.csproj", "{56DB3ED8-70A8-4214-B475-3A111269E3EF}"
EndProject
Global
	GlobalSection(SolutionConfigurationPlatforms) = preSolution
		Debug|Any CPU = Debug|Any CPU
		Release|Any CPU = Release|Any CPU
	EndGlobalSection
	GlobalSection(ProjectConfigurationPlatforms) = postSolution
		{91F054F9-A602-48D4-86E4-32C2211A6483}.Debug|Any CPU.ActiveCfg = Debug|Any CPU
		{91F054F9-A602-48D4-86E4-32C2211A6483}.Debug|Any CPU.Build.0 = Debug|Any CPU
		{91F054F9-A602-48D4-86E4-32C2211A6483}.Release|Any CPU.ActiveCfg = Release|Any CPU
		{91F054F9-A602-48D4-86E4-32C2211A6483}.Release|Any CPU.Build.0 = Release|Any CPU
		{56DB3ED8-70A8-4214-B475-3A111269E3EF}.Debug|Any CPU.ActiveCfg = Debug|Any CPU
		{56DB3ED8-70A8-4214-B475-3A111269E3EF}.Debug|Any CPU.Build.0 = Debug|Any CPU
		{56DB3ED8-70A8-4214-B475-3A111269E3EF}.Release|Any CPU.ActiveCfg = Release|Any CPU
		{56DB3ED8-70A8-4214-B475-3A111269E3EF}.Release|Any CPU.Build.0 = Release|Any CPU
	EndGlobalSection
	GlobalSection(SolutionProperties) = preSolution
		HideSolutionNode = FALSE
	EndGlobalSection
	GlobalSection(ExtensibilityGlobals) = postSolution
		SolutionGuid = {594C48E7-48B1-4FB0-9551-DD197CFFAF8D}
	EndGlobalSection
EndGlobal
